
Microsoft Visual Studio Solution File, Format Version 12.00
# Visual Studio 15
VisualStudioVersion = 15.0.28307.438
MinimumVisualStudioVersion = 10.0.40219.1
Project("{FAE04EC0-301F-11D3-BF4B-00C04F79EFBC}") = "team_development", "team_development.csproj", "{FD42231D-F988-4873-908F-8A4E9FC23932}"
EndProject
Project("{FAE04EC0-301F-11D3-BF4B-00C04F79EFBC}") = "team_developmentTests", "..\team_developmentTests\team_developmentTests.csproj", "{87EFEBB6-F1EB-4661-9A54-CAB05FE55C1B}"
EndProject
Global
	GlobalSection(SolutionConfigurationPlatforms) = preSolution
		Debug|Any CPU = Debug|Any CPU
		Release|Any CPU = Release|Any CPU
	EndGlobalSection
	GlobalSection(ProjectConfigurationPlatforms) = postSolution
		{FD42231D-F988-4873-908F-8A4E9FC23932}.Debug|Any CPU.ActiveCfg = Debug|Any CPU
		{FD42231D-F988-4873-908F-8A4E9FC23932}.Debug|Any CPU.Build.0 = Debug|Any CPU
		{FD42231D-F988-4873-908F-8A4E9FC23932}.Release|Any CPU.ActiveCfg = Release|Any CPU
		{FD42231D-F988-4873-908F-8A4E9FC23932}.Release|Any CPU.Build.0 = Release|Any CPU
		{87EFEBB6-F1EB-4661-9A54-CAB05FE55C1B}.Debug|Any CPU.ActiveCfg = Debug|Any CPU
		{87EFEBB6-F1EB-4661-9A54-CAB05FE55C1B}.Debug|Any CPU.Build.0 = Debug|Any CPU
		{87EFEBB6-F1EB-4661-9A54-CAB05FE55C1B}.Release|Any CPU.ActiveCfg = Release|Any CPU
		{87EFEBB6-F1EB-4661-9A54-CAB05FE55C1B}.Release|Any CPU.Build.0 = Release|Any CPU
	EndGlobalSection
	GlobalSection(SolutionProperties) = preSolution
		HideSolutionNode = FALSE
	EndGlobalSection
	GlobalSection(ExtensibilityGlobals) = postSolution
		SolutionGuid = {FCC10B0D-00A3-45BC-A94C-6A19CE644036}
	EndGlobalSection
EndGlobal
